
Microsoft Visual Studio Solution File, Format Version 12.00
# Visual Studio 15
VisualStudioVersion = 15.0.27428.2037
MinimumVisualStudioVersion = 10.0.40219.1
Project("{FAE04EC0-301F-11D3-BF4B-00C04F79EFBC}") = "OpenSlideServer", "OpenSlideServer\OpenSlideServer.csproj", "{F43C24A6-A297-476E-A11D-7D37617C8473}"
EndProject
Global
	GlobalSection(SolutionConfigurationPlatforms) = preSolution
		Debug|Any CPU = Debug|Any CPU
		Debug|x64 = Debug|x64
		Release|Any CPU = Release|Any CPU
		Release|x64 = Release|x64
	EndGlobalSection
	GlobalSection(ProjectConfigurationPlatforms) = postSolution
		{F43C24A6-A297-476E-A11D-7D37617C8473}.Debug|Any CPU.ActiveCfg = Debug|Any CPU
		{F43C24A6-A297-476E-A11D-7D37617C8473}.Debug|Any CPU.Build.0 = Debug|Any CPU
		{F43C24A6-A297-476E-A11D-7D37617C8473}.Debug|x64.ActiveCfg = Debug|x64
		{F43C24A6-A297-476E-A11D-7D37617C8473}.Debug|x64.Build.0 = Debug|x64
		{F43C24A6-A297-476E-A11D-7D37617C8473}.Release|Any CPU.ActiveCfg = Release|Any CPU
		{F43C24A6-A297-476E-A11D-7D37617C8473}.Release|Any CPU.Build.0 = Release|Any CPU
		{F43C24A6-A297-476E-A11D-7D37617C8473}.Release|x64.ActiveCfg = Release|x64
		{F43C24A6-A297-476E-A11D-7D37617C8473}.Release|x64.Build.0 = Release|x64
	EndGlobalSection
	GlobalSection(SolutionProperties) = preSolution
		HideSolutionNode = FALSE
	EndGlobalSection
	GlobalSection(ExtensibilityGlobals) = postSolution
		SolutionGuid = {ABCBE352-2525-4F0E-9F33-C3DD73273F0C}
	EndGlobalSection
EndGlobal
